<?xml version="1.0" encoding="utf-8"?>
<Project ToolsVersion="4.0" xmlns="http://schemas.microsoft.com/developer/msbuild/2003">
  <ItemGroup>
    <Filter Include="ソース ファイル">
      <UniqueIdentifier>{4FC737F1-C7A5-4376-A066-2A32D752A2FF}</UniqueIdentifier>
      <Extensions>cpp;c;cc;cxx;c++;cppm;ixx;def;odl;idl;hpj;bat;asm;asmx</Extensions>
    </Filter>
    <Filter Include="ヘッダー ファイル">
      <UniqueIdentifier>{93995380-89BD-4b04-88EB-625FBE52EBFB}</UniqueIdentifier>
      <Extensions>h;hh;hpp;hxx;h++;hm;inl;inc;ipp;xsd</Extensions>
    </Filter>
    <Filter Include="リソース ファイル">
      <UniqueIdentifier>{67DA6AB6-F800-4c08-8B7A-83BB121AAD01}</UniqueIdentifier>
      <Extensions>rc;ico;cur;bmp;dlg;rc2;rct;bin;rgs;gif;jpg;jpeg;jpe;resx;tiff;tif;png;wav;mfcribbon-ms</Extensions>
    </Filter>
    <Filter Include="windowBase">
      <UniqueIdentifier>{4919015d-aab8-413e-b647-c968d54a34f9}</UniqueIdentifier>
    </Filter>
    <Filter Include="App">
      <UniqueIdentifier>{ca14ba24-0b5c-44ae-8c2e-f3418679f888}</UniqueIdentifier>
    </Filter>
    <Filter Include="main">
      <UniqueIdentifier>{d2aa7cbe-1912-4393-97d0-d8363170b2d1}</UniqueIdentifier>
    </Filter>
  </ItemGroup>
  <ItemGroup>
    <ClCompile Include="..\main\main.cpp">
      <Filter>main</Filter>
    </ClCompile>
    <ClCompile Include="..\App\windowRegister.cpp">
      <Filter>App</Filter>
    </ClCompile>
    <ClCompile Include="..\App\windowManager.cpp">
      <Filter>App</Filter>
    </ClCompile>
    <ClCompile Include="..\windowBase\windowBase.cpp">
      <Filter>windowBase</Filter>
    </ClCompile>
    <ClCompile Include="..\windowBase\windowMain.cpp">
      <Filter>windowBase</Filter>
    </ClCompile>
    <ClCompile Include="..\windowBase\windowSub.cpp">
      <Filter>windowBase</Filter>
    </ClCompile>
  </ItemGroup>
  <ItemGroup>
    <ClInclude Include="..\windowBase\windowBase.h">
      <Filter>windowBase</Filter>
    </ClInclude>
    <ClInclude Include="..\App\windowManager.h">
      <Filter>App</Filter>
    </ClInclude>
    <ClInclude Include="..\App\windowRegister.h">
      <Filter>App</Filter>
    </ClInclude>
    <ClInclude Include="..\windowBase\windowMain.h">
      <Filter>windowBase</Filter>
    </ClInclude>
    <ClInclude Include="..\windowBase\windowSub.h">
      <Filter>windowBase</Filter>
    </ClInclude>
  </ItemGroup>
</Project>